lockfileVersion: 5.4

specifiers:
  '@types/chrome': ^0.0.204
  esbuild: ^0.16.7
  h5o: ^0.11.3

dependencies:
  h5o: 0.11.3

devDependencies:
  '@types/chrome': 0.0.204
  esbuild: 0.16.7

packages:

  /@esbuild/android-arm/0.16.7:
    resolution: {integrity: sha512-yhzDbiVcmq6T1/XEvdcJIVcXHdLjDJ5cQ0Dp9R9p9ERMBTeO1dR5tc8YYv8zwDeBw1xZm+Eo3MRo8cwclhBS0g==}
    engines: {node: '>=12'}
    cpu: [arm]
    os: [android]
    requiresBuild: true
    dev: true
    optional: true

  /@esbuild/android-arm64/0.16.7:
    resolution: {integrity: sha512-tYFw0lBJSEvLoGzzYh1kXuzoX1iPkbOk3O29VqzQb0HbOy7t/yw1hGkvwoJhXHwzQUPsShyYcTgRf6bDBcfnTw==}
    engines: {node: '>=12'}
    cpu: [arm64]
    os: [android]
    requiresBuild: true
    dev: true
    optional: true

  /@esbuild/android-x64/0.16.7:
    resolution: {integrity: sha512-3P2OuTxwAtM3k/yEWTNUJRjMPG1ce8rXs51GTtvEC5z1j8fC1plHeVVczdeHECU7aM2/Buc0MwZ6ciM/zysnWg==}
    engines: {node: '>=12'}
    cpu: [x64]
    os: [android]
    requiresBuild: true
    dev: true
    optional: true

  /@esbuild/darwin-arm64/0.16.7:
    resolution: {integrity: sha512-VUb9GK23z8jkosHU9yJNUgQpsfJn+7ZyBm6adi2Ec5/U241eR1tAn82QicnUzaFDaffeixiHwikjmnec/YXEZg==}
    engines: {node: '>=12'}
    cpu: [arm64]
    os: [darwin]
    requiresBuild: true
    dev: true
    optional: true

  /@esbuild/darwin-x64/0.16.7:
    resolution: {integrity: sha512-duterlv3tit3HI9vhzMWnSVaB1B6YsXpFq1Ntd6Fou82BB1l4tucYy3FI9dHv3tvtDuS0NiGf/k6XsdBqPZ01w==}
    engines: {node: '>=12'}
    cpu: [x64]
    os: [darwin]
    requiresBuild: true
    dev: true
    optional: true

  /@esbuild/freebsd-arm64/0.16.7:
    resolution: {integrity: sha512-9kkycpBFes/vhi7B7o0cf+q2WdJi+EpVzpVTqtWFNiutARWDFFLcB93J8PR1cG228sucsl3B+7Ts27izE6qiaQ==}
    engines: {node: '>=12'}
    cpu: [arm64]
    os: [freebsd]
    requiresBuild: true
    dev: true
    optional: true

  /@esbuild/freebsd-x64/0.16.7:
    resolution: {integrity: sha512-5Ahf6jzWXJ4J2uh9dpy5DKOO+PeRUE/9DMys6VuYfwgQzd6n5+pVFm58L2Z2gRe611RX6SdydnNaiIKM3svY7g==}
    engines: {node: '>=12'}
    cpu: [x64]
    os: [freebsd]
    requiresBuild: true
    dev: true
    optional: true

  /@esbuild/linux-arm/0.16.7:
    resolution: {integrity: sha512-QqJnyCfu5OF78Olt7JJSZ7OSv/B4Hf+ZJWp4kkq9xwMsgu7yWq3crIic8gGOpDYTqVKKMDAVDgRXy5Wd/nWZyQ==}
    engines: {node: '>=12'}
    cpu: [arm]
    os: [linux]
    requiresBuild: true
    dev: true
    optional: true

  /@esbuild/linux-arm64/0.16.7:
    resolution: {integrity: sha512-2wv0xYDskk2+MzIm/AEprDip39a23Chptc4mL7hsHg26P0gD8RUhzmDu0KCH2vMThUI1sChXXoK9uH0KYQKaDg==}
    engines: {node: '>=12'}
    cpu: [arm64]
    os: [linux]
    requiresBuild: true
    dev: true
    optional: true

  /@esbuild/linux-ia32/0.16.7:
    resolution: {integrity: sha512-APVYbEilKbD5ptmKdnIcXej2/+GdV65TfTjxR2Uk8t1EsOk49t6HapZW6DS/Bwlvh5hDwtLapdSumIVNGxgqLg==}
    engines: {node: '>=12'}
    cpu: [ia32]
    os: [linux]
    requiresBuild: true
    dev: true
    optional: true

  /@esbuild/linux-loong64/0.16.7:
    resolution: {integrity: sha512-5wPUAGclplQrAW7EFr3F84Y/d++7G0KykohaF4p54+iNWhUnMVU8Bh2sxiEOXUy4zKIdpHByMgJ5/Ko6QhtTUw==}
    engines: {node: '>=12'}
    cpu: [loong64]
    os: [linux]
    requiresBuild: true
    dev: true
    optional: true

  /@esbuild/linux-mips64el/0.16.7:
    resolution: {integrity: sha512-hxzlXtWF6yWfkE/SMTscNiVqLOAn7fOuIF3q/kiZaXxftz1DhZW/HpnTmTTWrzrS7zJWQxHHT4QSxyAj33COmA==}
    engines: {node: '>=12'}
    cpu: [mips64el]
    os: [linux]
    requiresBuild: true
    dev: true
    optional: true

  /@esbuild/linux-ppc64/0.16.7:
    resolution: {integrity: sha512-WM83Dac0LdXty5xPhlOuCD5Egfk1xLND/oRLYeB7Jb/tY4kzFSDgLlq91wYbHua/s03tQGA9iXvyjgymMw62Vw==}
    engines: {node: '>=12'}
    cpu: [ppc64]
    os: [linux]
    requiresBuild: true
    dev: true
    optional: true

  /@esbuild/linux-riscv64/0.16.7:
    resolution: {integrity: sha512-3nkNnNg4Ax6MS/l8O8Ynq2lGEVJYyJ2EoY3PHjNJ4PuZ80EYLMrFTFZ4L/Hc16AxgtXKwmNP9TM0YKNiBzBiJQ==}
    engines: {node: '>=12'}
    cpu: [riscv64]
    os: [linux]
    requiresBuild: true
    dev: true
    optional: true

  /@esbuild/linux-s390x/0.16.7:
    resolution: {integrity: sha512-3SA/2VJuv0o1uD7zuqxEP+RrAyRxnkGddq0bwHQ98v1KNlzXD/JvxwTO3T6GM5RH6JUd29RTVQTOJfyzMkkppA==}
    engines: {node: '>=12'}
    cpu: [s390x]
    os: [linux]
    requiresBuild: true
    dev: true
    optional: true

  /@esbuild/linux-x64/0.16.7:
    resolution: {integrity: sha512-xi/tbqCqvPIzU+zJVyrpz12xqciTAPMi2fXEWGnapZymoGhuL2GIWIRXg4O2v5BXaYA5TSaiKYE14L0QhUTuQg==}
    engines: {node: '>=12'}
    cpu: [x64]
    os: [linux]
    requiresBuild: true
    dev: true
    optional: true

  /@esbuild/netbsd-x64/0.16.7:
    resolution: {integrity: sha512-NUsYbq3B+JdNKn8SXkItFvdes9qTwEoS3aLALtiWciW/ystiCKM20Fgv9XQBOXfhUHyh5CLEeZDXzLOrwBXuCQ==}
    engines: {node: '>=12'}
    cpu: [x64]
    os: [netbsd]
    requiresBuild: true
    dev: true
    optional: true

  /@esbuild/openbsd-x64/0.16.7:
    resolution: {integrity: sha512-qjwzsgeve9I8Tbsko2FEkdSk2iiezuNGFgipQxY/736NePXDaDZRodIejYGWOlbYXugdxb0nif5yvypH6lKBmA==}
    engines: {node: '>=12'}
    cpu: [x64]
    os: [openbsd]
    requiresBuild: true
    dev: true
    optional: true

  /@esbuild/sunos-x64/0.16.7:
    resolution: {integrity: sha512-mFWDz4RoBTzPphTCkM7Kc7Qpa0o/Z01acajR+Ai7LdfKgcP/C6jYOaKwv7nKzD0+MjOT20j7You9g4ozYy1dKQ==}
    engines: {node: '>=12'}
    cpu: [x64]
    os: [sunos]
    requiresBuild: true
    dev: true
    optional: true

  /@esbuild/win32-arm64/0.16.7:
    resolution: {integrity: sha512-m39UmX19RvEIuC8sYZ0M+eQtdXw4IePDSZ78ZQmYyFaXY9krq4YzQCK2XWIJomNLtg4q+W5aXr8bW3AbqWNoVg==}
    engines: {node: '>=12'}
    cpu: [arm64]
    os: [win32]
    requiresBuild: true
    dev: true
    optional: true

  /@esbuild/win32-ia32/0.16.7:
    resolution: {integrity: sha512-1cbzSEZA1fANwmT6rjJ4G1qQXHxCxGIcNYFYR9ctI82/prT38lnwSRZ0i5p/MVXksw9eMlHlet6pGu2/qkXFCg==}
    engines: {node: '>=12'}
    cpu: [ia32]
    os: [win32]
    requiresBuild: true
    dev: true
    optional: true

  /@esbuild/win32-x64/0.16.7:
    resolution: {integrity: sha512-QaQ8IH0JLacfGf5cf0HCCPnQuCTd/dAI257vXBgb/cccKGbH/6pVtI1gwhdAQ0Y48QSpTIFrh9etVyNdZY+zzw==}
    engines: {node: '>=12'}
    cpu: [x64]
    os: [win32]
    requiresBuild: true
    dev: true
    optional: true

  /@types/chrome/0.0.204:
    resolution: {integrity: sha512-EvnHfxMHUWP5EAlRMK66uIEUiy36t72vg5RwmzQv9tdIl2ZmAp92NwvmEZJKpbRnIMTEc2BmSmtrFiEISUJ0Sw==}
    dependencies:
      '@types/filesystem': 0.0.32
      '@types/har-format': 1.2.10
    dev: true

  /@types/filesystem/0.0.32:
    resolution: {integrity: sha512-Yuf4jR5YYMR2DVgwuCiP11s0xuVRyPKmz8vo6HBY3CGdeMj8af93CFZX+T82+VD1+UqHOxTq31lO7MI7lepBtQ==}
    dependencies:
      '@types/filewriter': 0.0.29
    dev: true

  /@types/filewriter/0.0.29:
    resolution: {integrity: sha512-BsPXH/irW0ht0Ji6iw/jJaK8Lj3FJemon2gvEqHKpCdDCeemHa+rI3WBGq5z7cDMZgoLjY40oninGxqk+8NzNQ==}
    dev: true

  /@types/har-format/1.2.10:
    resolution: {integrity: sha512-o0J30wqycjF5miWDKYKKzzOU1ZTLuA42HZ4HE7/zqTOc/jTLdQ5NhYWvsRQo45Nfi1KHoRdNhteSI4BAxTF1Pg==}
    dev: true

  /esbuild/0.16.7:
    resolution: {integrity: sha512-P6OBFYFSQOGzfApqCeYKqfKRRbCIRsdppTXFo4aAvtiW3o8TTyiIplBvHJI171saPAiy3WlawJHCveJVIOIx1A==}
    engines: {node: '>=12'}
    hasBin: true
    requiresBuild: true
    optionalDependencies:
      '@esbuild/android-arm': 0.16.7
      '@esbuild/android-arm64': 0.16.7
      '@esbuild/android-x64': 0.16.7
      '@esbuild/darwin-arm64': 0.16.7
      '@esbuild/darwin-x64': 0.16.7
      '@esbuild/freebsd-arm64': 0.16.7
      '@esbuild/freebsd-x64': 0.16.7
      '@esbuild/linux-arm': 0.16.7
      '@esbuild/linux-arm64': 0.16.7
      '@esbuild/linux-ia32': 0.16.7
      '@esbuild/linux-loong64': 0.16.7
      '@esbuild/linux-mips64el': 0.16.7
      '@esbuild/linux-ppc64': 0.16.7
      '@esbuild/linux-riscv64': 0.16.7
      '@esbuild/linux-s390x': 0.16.7
      '@esbuild/linux-x64': 0.16.7
      '@esbuild/netbsd-x64': 0.16.7
      '@esbuild/openbsd-x64': 0.16.7
      '@esbuild/sunos-x64': 0.16.7
      '@esbuild/win32-arm64': 0.16.7
      '@esbuild/win32-ia32': 0.16.7
      '@esbuild/win32-x64': 0.16.7
    dev: true

  /h5o/0.11.3:
    resolution: {integrity: sha512-ZcuH0zRJUjf7zNn2H6MIM/j0WyaQeGQlz5fPJo8ujWTo8mP9lAt4N0Hz2YM6M72/HpwExoiDz/5EMC+KD9kx6A==}
    dev: false
